
Microsoft Visual Studio Solution File, Format Version 12.00
# Visual Studio Version 17
VisualStudioVersion = 17.3.32901.215
MinimumVisualStudioVersion = 10.0.40219.1
Project("{FAE04EC0-301F-11D3-BF4B-00C04F79EFBC}") = "CumulativeProject", "CumulativeProject.csproj", "{3954A823-05E2-4D7A-B99F-1C1BB4064E1D}"
EndProject
Global
	GlobalSection(SolutionConfigurationPlatforms) = preSolution
		Debug|Any CPU = Debug|Any CPU
		Release|Any CPU = Release|Any CPU
	EndGlobalSection
	GlobalSection(ProjectConfigurationPlatforms) = postSolution
		{3954A823-05E2-4D7A-B99F-1C1BB4064E1D}.Debug|Any CPU.ActiveCfg = Debug|Any CPU
		{3954A823-05E2-4D7A-B99F-1C1BB4064E1D}.Debug|Any CPU.Build.0 = Debug|Any CPU
		{3954A823-05E2-4D7A-B99F-1C1BB4064E1D}.Release|Any CPU.ActiveCfg = Release|Any CPU
		{3954A823-05E2-4D7A-B99F-1C1BB4064E1D}.Release|Any CPU.Build.0 = Release|Any CPU
	EndGlobalSection
	GlobalSection(SolutionProperties) = preSolution
		HideSolutionNode = FALSE
	EndGlobalSection
	GlobalSection(ExtensibilityGlobals) = postSolution
		SolutionGuid = {608F5975-108F-4885-8839-3B626941B55B}
	EndGlobalSection
EndGlobal
